
Microsoft Visual Studio Solution File, Format Version 12.00
# Visual Studio Version 17
VisualStudioVersion = 17.0.31919.166
MinimumVisualStudioVersion = 10.0.40219.1
Project("{2150E333-8FDC-42A3-9474-1A3956D46DE8}") = "src", "src", "{12E0A167-3562-407F-A95F-2FA48CDFDE96}"
EndProject
Project("{FAE04EC0-301F-11D3-BF4B-00C04F79EFBC}") = "ECommerce.Domain", "src\ECommerce.Domain\ECommerce.Domain.csproj", "{FAE24AD3-68C8-627F-70AB-BF01DBDA893D}"
EndProject
Project("{FAE04EC0-301F-11D3-BF4B-00C04F79EFBC}") = "ECommerce.Application", "src\ECommerce.Application\ECommerce.Application.csproj", "{7BDDC32E-75D2-1E7B-4D57-CFEFA1B49E17}"
EndProject
Project("{FAE04EC0-301F-11D3-BF4B-00C04F79EFBC}") = "ECommerce.Infrastructure", "src\ECommerce.Infrastructure\ECommerce.Infrastructure.csproj", "{A105F07D-E555-0938-5B71-03935E061C40}"
EndProject
Project("{FAE04EC0-301F-11D3-BF4B-00C04F79EFBC}") = "ECommerce.API", "src\ECommerce.API\ECommerce.API.csproj", "{F3606858-6E83-6E41-72A8-03FEB43CEED8}"
EndProject
Project("{2150E333-8FDC-42A3-9474-1A3956D46DE8}") = "tests", "tests", "{0AB3BF05-4346-4AA6-1389-037BE0695223}"
EndProject
Project("{FAE04EC0-301F-11D3-BF4B-00C04F79EFBC}") = "ECommerce.Application.Tests", "tests\ECommerce.Application.Tests\ECommerce.Application.Tests.csproj", "{EA7DB6E4-52BC-4564-A66D-2266D5D60F2B}"
EndProject
Project("{FAE04EC0-301F-11D3-BF4B-00C04F79EFBC}") = "ECommerce.IntegrationTests", "tests\ECommerce.IntegrationTests\ECommerce.IntegrationTests.csproj", "{697B11CF-6561-47A6-A95D-9E4D6F90C988}"
EndProject
Global
	GlobalSection(SolutionConfigurationPlatforms) = preSolution
		Debug|Any CPU = Debug|Any CPU
		Debug|x64 = Debug|x64
		Debug|x86 = Debug|x86
		Release|Any CPU = Release|Any CPU
		Release|x64 = Release|x64
		Release|x86 = Release|x86
	EndGlobalSection
	GlobalSection(ProjectConfigurationPlatforms) = postSolution
		{FAE24AD3-68C8-627F-70AB-BF01DBDA893D}.Debug|Any CPU.ActiveCfg = Debug|Any CPU
		{FAE24AD3-68C8-627F-70AB-BF01DBDA893D}.Debug|Any CPU.Build.0 = Debug|Any CPU
		{FAE24AD3-68C8-627F-70AB-BF01DBDA893D}.Debug|x64.ActiveCfg = Debug|Any CPU
		{FAE24AD3-68C8-627F-70AB-BF01DBDA893D}.Debug|x64.Build.0 = Debug|Any CPU
		{FAE24AD3-68C8-627F-70AB-BF01DBDA893D}.Debug|x86.ActiveCfg = Debug|Any CPU
		{FAE24AD3-68C8-627F-70AB-BF01DBDA893D}.Debug|x86.Build.0 = Debug|Any CPU
		{FAE24AD3-68C8-627F-70AB-BF01DBDA893D}.Release|Any CPU.ActiveCfg = Release|Any CPU
		{FAE24AD3-68C8-627F-70AB-BF01DBDA893D}.Release|Any CPU.Build.0 = Release|Any CPU
		{FAE24AD3-68C8-627F-70AB-BF01DBDA893D}.Release|x64.ActiveCfg = Release|Any CPU
		{FAE24AD3-68C8-627F-70AB-BF01DBDA893D}.Release|x64.Build.0 = Release|Any CPU
		{FAE24AD3-68C8-627F-70AB-BF01DBDA893D}.Release|x86.ActiveCfg = Release|Any CPU
		{FAE24AD3-68C8-627F-70AB-BF01DBDA893D}.Release|x86.Build.0 = Release|Any CPU
		{7BDDC32E-75D2-1E7B-4D57-CFEFA1B49E17}.Debug|Any CPU.ActiveCfg = Debug|Any CPU
		{7BDDC32E-75D2-1E7B-4D57-CFEFA1B49E17}.Debug|Any CPU.Build.0 = Debug|Any CPU
		{7BDDC32E-75D2-1E7B-4D57-CFEFA1B49E17}.Debug|x64.ActiveCfg = Debug|Any CPU
		{7BDDC32E-75D2-1E7B-4D57-CFEFA1B49E17}.Debug|x64.Build.0 = Debug|Any CPU
		{7BDDC32E-75D2-1E7B-4D57-CFEFA1B49E17}.Debug|x86.ActiveCfg = Debug|Any CPU
		{7BDDC32E-75D2-1E7B-4D57-CFEFA1B49E17}.Debug|x86.Build.0 = Debug|Any CPU
		{7BDDC32E-75D2-1E7B-4D57-CFEFA1B49E17}.Release|Any CPU.ActiveCfg = Release|Any CPU
		{7BDDC32E-75D2-1E7B-4D57-CFEFA1B49E17}.Release|Any CPU.Build.0 = Release|Any CPU
		{7BDDC32E-75D2-1E7B-4D57-CFEFA1B49E17}.Release|x64.ActiveCfg = Release|Any CPU
		{7BDDC32E-75D2-1E7B-4D57-CFEFA1B49E17}.Release|x64.Build.0 = Release|Any CPU
		{7BDDC32E-75D2-1E7B-4D57-CFEFA1B49E17}.Release|x86.ActiveCfg = Release|Any CPU
		{7BDDC32E-75D2-1E7B-4D57-CFEFA1B49E17}.Release|x86.Build.0 = Release|Any CPU
		{A105F07D-E555-0938-5B71-03935E061C40}.Debug|Any CPU.ActiveCfg = Debug|Any CPU
		{A105F07D-E555-0938-5B71-03935E061C40}.Debug|Any CPU.Build.0 = Debug|Any CPU
		{A105F07D-E555-0938-5B71-03935E061C40}.Debug|x64.ActiveCfg = Debug|Any CPU
		{A105F07D-E555-0938-5B71-03935E061C40}.Debug|x64.Build.0 = Debug|Any CPU
		{A105F07D-E555-0938-5B71-03935E061C40}.Debug|x86.ActiveCfg = Debug|Any CPU
		{A105F07D-E555-0938-5B71-03935E061C40}.Debug|x86.Build.0 = Debug|Any CPU
		{A105F07D-E555-0938-5B71-03935E061C40}.Release|Any CPU.ActiveCfg = Release|Any CPU
		{A105F07D-E555-0938-5B71-03935E061C40}.Release|Any CPU.Build.0 = Release|Any CPU
		{A105F07D-E555-0938-5B71-03935E061C40}.Release|x64.ActiveCfg = Release|Any CPU
		{A105F07D-E555-0938-5B71-03935E061C40}.Release|x64.Build.0 = Release|Any CPU
		{A105F07D-E555-0938-5B71-03935E061C40}.Release|x86.ActiveCfg = Release|Any CPU
		{A105F07D-E555-0938-5B71-03935E061C40}.Release|x86.Build.0 = Release|Any CPU
		{F3606858-6E83-6E41-72A8-03FEB43CEED8}.Debug|Any CPU.ActiveCfg = Debug|Any CPU
		{F3606858-6E83-6E41-72A8-03FEB43CEED8}.Debug|Any CPU.Build.0 = Debug|Any CPU
		{F3606858-6E83-6E41-72A8-03FEB43CEED8}.Debug|x64.ActiveCfg = Debug|Any CPU
		{F3606858-6E83-6E41-72A8-03FEB43CEED8}.Debug|x64.Build.0 = Debug|Any CPU
		{F3606858-6E83-6E41-72A8-03FEB43CEED8}.Debug|x86.ActiveCfg = Debug|Any CPU
		{F3606858-6E83-6E41-72A8-03FEB43CEED8}.Debug|x86.Build.0 = Debug|Any CPU
		{F3606858-6E83-6E41-72A8-03FEB43CEED8}.Release|Any CPU.ActiveCfg = Release|Any CPU
		{F3606858-6E83-6E41-72A8-03FEB43CEED8}.Release|Any CPU.Build.0 = Release|Any CPU
		{F3606858-6E83-6E41-72A8-03FEB43CEED8}.Release|x64.ActiveCfg = Release|Any CPU
		{F3606858-6E83-6E41-72A8-03FEB43CEED8}.Release|x64.Build.0 = Release|Any CPU
		{F3606858-6E83-6E41-72A8-03FEB43CEED8}.Release|x86.ActiveCfg = Release|Any CPU
		{F3606858-6E83-6E41-72A8-03FEB43CEED8}.Release|x86.Build.0 = Release|Any CPU
		{EA7DB6E4-52BC-4564-A66D-2266D5D60F2B}.Debug|Any CPU.ActiveCfg = Debug|Any CPU
		{EA7DB6E4-52BC-4564-A66D-2266D5D60F2B}.Debug|Any CPU.Build.0 = Debug|Any CPU
		{EA7DB6E4-52BC-4564-A66D-2266D5D60F2B}.Debug|x64.ActiveCfg = Debug|Any CPU
		{EA7DB6E4-52BC-4564-A66D-2266D5D60F2B}.Debug|x64.Build.0 = Debug|Any CPU
		{EA7DB6E4-52BC-4564-A66D-2266D5D60F2B}.Debug|x86.ActiveCfg = Debug|Any CPU
		{EA7DB6E4-52BC-4564-A66D-2266D5D60F2B}.Debug|x86.Build.0 = Debug|Any CPU
		{EA7DB6E4-52BC-4564-A66D-2266D5D60F2B}.Release|Any CPU.ActiveCfg = Release|Any CPU
		{EA7DB6E4-52BC-4564-A66D-2266D5D60F2B}.Release|Any CPU.Build.0 = Release|Any CPU
		{EA7DB6E4-52BC-4564-A66D-2266D5D60F2B}.Release|x64.ActiveCfg = Release|Any CPU
		{EA7DB6E4-52BC-4564-A66D-2266D5D60F2B}.Release|x64.Build.0 = Release|Any CPU
		{EA7DB6E4-52BC-4564-A66D-2266D5D60F2B}.Release|x86.ActiveCfg = Release|Any CPU
		{EA7DB6E4-52BC-4564-A66D-2266D5D60F2B}.Release|x86.Build.0 = Release|Any CPU
		{697B11CF-6561-47A6-A95D-9E4D6F90C988}.Debug|Any CPU.ActiveCfg = Debug|Any CPU
		{697B11CF-6561-47A6-A95D-9E4D6F90C988}.Debug|Any CPU.Build.0 = Debug|Any CPU
		{697B11CF-6561-47A6-A95D-9E4D6F90C988}.Debug|x64.ActiveCfg = Debug|Any CPU
		{697B11CF-6561-47A6-A95D-9E4D6F90C988}.Debug|x64.Build.0 = Debug|Any CPU
		{697B11CF-6561-47A6-A95D-9E4D6F90C988}.Debug|x86.ActiveCfg = Debug|Any CPU
		{697B11CF-6561-47A6-A95D-9E4D6F90C988}.Debug|x86.Build.0 = Debug|Any CPU
		{697B11CF-6561-47A6-A95D-9E4D6F90C988}.Release|Any CPU.ActiveCfg = Release|Any CPU
		{697B11CF-6561-47A6-A95D-9E4D6F90C988}.Release|Any CPU.Build.0 = Release|Any CPU
		{697B11CF-6561-47A6-A95D-9E4D6F90C988}.Release|x64.ActiveCfg = Release|Any CPU
		{697B11CF-6561-47A6-A95D-9E4D6F90C988}.Release|x64.Build.0 = Release|Any CPU
		{697B11CF-6561-47A6-A95D-9E4D6F90C988}.Release|x86.ActiveCfg = Release|Any CPU
		{697B11CF-6561-47A6-A95D-9E4D6F90C988}.Release|x86.Build.0 = Release|Any CPU
	EndGlobalSection
	GlobalSection(SolutionProperties) = preSolution
		HideSolutionNode = FALSE
	EndGlobalSection
	GlobalSection(NestedProjects) = preSolution
		{FAE24AD3-68C8-627F-70AB-BF01DBDA893D} = {12E0A167-3562-407F-A95F-2FA48CDFDE96}
		{7BDDC32E-75D2-1E7B-4D57-CFEFA1B49E17} = {12E0A167-3562-407F-A95F-2FA48CDFDE96}
		{A105F07D-E555-0938-5B71-03935E061C40} = {12E0A167-3562-407F-A95F-2FA48CDFDE96}
		{F3606858-6E83-6E41-72A8-03FEB43CEED8} = {12E0A167-3562-407F-A95F-2FA48CDFDE96}
		{EA7DB6E4-52BC-4564-A66D-2266D5D60F2B} = {0AB3BF05-4346-4AA6-1389-037BE0695223}
		{697B11CF-6561-47A6-A95D-9E4D6F90C988} = {0AB3BF05-4346-4AA6-1389-037BE0695223}
	EndGlobalSection
EndGlobal
